
Microsoft Visual Studio Solution File, Format Version 12.00
# Visual Studio 15
VisualStudioVersion = 15.0.27703.2000
MinimumVisualStudioVersion = 10.0.40219.1
Project("{FAE04EC0-301F-11D3-BF4B-00C04F79EFBC}") = "Nevara", "Nevara\Nevara.csproj", "{C6C361A6-2593-4958-8C9D-DAEEA2342F12}"
EndProject
Project("{FAE04EC0-301F-11D3-BF4B-00C04F79EFBC}") = "Nevara.Infrastructure", "Nevara.Infrastructure\Nevara.Infrastructure.csproj", "{0010C3A4-9C93-43D4-9DDF-17CC4732A966}"
EndProject
Project("{FAE04EC0-301F-11D3-BF4B-00C04F79EFBC}") = "Nevara.Application", "Nevara.Application\Nevara.Application.csproj", "{56A86D96-6BB6-4E52-BE52-D388545BAB6B}"
EndProject
Project("{FAE04EC0-301F-11D3-BF4B-00C04F79EFBC}") = "Nevara.Data", "Nevara.Data\Nevara.Data.csproj", "{839A16BD-4B27-4DFB-AA78-D2C1CEBF2D6A}"
EndProject
Global
	GlobalSection(SolutionConfigurationPlatforms) = preSolution
		Debug|Any CPU = Debug|Any CPU
		Release|Any CPU = Release|Any CPU
	EndGlobalSection
	GlobalSection(ProjectConfigurationPlatforms) = postSolution
		{C6C361A6-2593-4958-8C9D-DAEEA2342F12}.Debug|Any CPU.ActiveCfg = Debug|Any CPU
		{C6C361A6-2593-4958-8C9D-DAEEA2342F12}.Debug|Any CPU.Build.0 = Debug|Any CPU
		{C6C361A6-2593-4958-8C9D-DAEEA2342F12}.Release|Any CPU.ActiveCfg = Release|Any CPU
		{C6C361A6-2593-4958-8C9D-DAEEA2342F12}.Release|Any CPU.Build.0 = Release|Any CPU
		{0010C3A4-9C93-43D4-9DDF-17CC4732A966}.Debug|Any CPU.ActiveCfg = Debug|Any CPU
		{0010C3A4-9C93-43D4-9DDF-17CC4732A966}.Debug|Any CPU.Build.0 = Debug|Any CPU
		{0010C3A4-9C93-43D4-9DDF-17CC4732A966}.Release|Any CPU.ActiveCfg = Release|Any CPU
		{0010C3A4-9C93-43D4-9DDF-17CC4732A966}.Release|Any CPU.Build.0 = Release|Any CPU
		{56A86D96-6BB6-4E52-BE52-D388545BAB6B}.Debug|Any CPU.ActiveCfg = Debug|Any CPU
		{56A86D96-6BB6-4E52-BE52-D388545BAB6B}.Debug|Any CPU.Build.0 = Debug|Any CPU
		{56A86D96-6BB6-4E52-BE52-D388545BAB6B}.Release|Any CPU.ActiveCfg = Release|Any CPU
		{56A86D96-6BB6-4E52-BE52-D388545BAB6B}.Release|Any CPU.Build.0 = Release|Any CPU
		{839A16BD-4B27-4DFB-AA78-D2C1CEBF2D6A}.Debug|Any CPU.ActiveCfg = Debug|Any CPU
		{839A16BD-4B27-4DFB-AA78-D2C1CEBF2D6A}.Debug|Any CPU.Build.0 = Debug|Any CPU
		{839A16BD-4B27-4DFB-AA78-D2C1CEBF2D6A}.Release|Any CPU.ActiveCfg = Release|Any CPU
		{839A16BD-4B27-4DFB-AA78-D2C1CEBF2D6A}.Release|Any CPU.Build.0 = Release|Any CPU
	EndGlobalSection
	GlobalSection(SolutionProperties) = preSolution
		HideSolutionNode = FALSE
	EndGlobalSection
	GlobalSection(ExtensibilityGlobals) = postSolution
		SolutionGuid = {4F042FAA-C9BD-496B-BF0D-5C1F0D2961C5}
	EndGlobalSection
EndGlobal
